
Microsoft Visual Studio Solution File, Format Version 12.00
# Visual Studio 14
VisualStudioVersion = 14.0.25420.1
MinimumVisualStudioVersion = 10.0.40219.1
Project("{FAE04EC0-301F-11D3-BF4B-00C04F79EFBC}") = "Player", "Player\Player.csproj", "{3E8961AD-3A54-4934-9E33-DFD3BDB6BC3D}"
EndProject
Project("{FAE04EC0-301F-11D3-BF4B-00C04F79EFBC}") = "rooms", "rooms\rooms.csproj", "{9A29D208-CF4D-4725-B4AF-34B3AF7803D3}"
EndProject
Project("{FAE04EC0-301F-11D3-BF4B-00C04F79EFBC}") = "Errors", "Errors\Errors.csproj", "{DF1BFD7F-C45E-4366-ACAD-AF9777A2A490}"
EndProject
Global
	GlobalSection(SolutionConfigurationPlatforms) = preSolution
		Debug|Any CPU = Debug|Any CPU
		Release|Any CPU = Release|Any CPU
	EndGlobalSection
	GlobalSection(ProjectConfigurationPlatforms) = postSolution
		{3E8961AD-3A54-4934-9E33-DFD3BDB6BC3D}.Debug|Any CPU.ActiveCfg = Debug|Any CPU
		{3E8961AD-3A54-4934-9E33-DFD3BDB6BC3D}.Debug|Any CPU.Build.0 = Debug|Any CPU
		{3E8961AD-3A54-4934-9E33-DFD3BDB6BC3D}.Release|Any CPU.ActiveCfg = Release|Any CPU
		{3E8961AD-3A54-4934-9E33-DFD3BDB6BC3D}.Release|Any CPU.Build.0 = Release|Any CPU
		{9A29D208-CF4D-4725-B4AF-34B3AF7803D3}.Debug|Any CPU.ActiveCfg = Debug|Any CPU
		{9A29D208-CF4D-4725-B4AF-34B3AF7803D3}.Debug|Any CPU.Build.0 = Debug|Any CPU
		{9A29D208-CF4D-4725-B4AF-34B3AF7803D3}.Release|Any CPU.ActiveCfg = Release|Any CPU
		{9A29D208-CF4D-4725-B4AF-34B3AF7803D3}.Release|Any CPU.Build.0 = Release|Any CPU
		{DF1BFD7F-C45E-4366-ACAD-AF9777A2A490}.Debug|Any CPU.ActiveCfg = Debug|Any CPU
		{DF1BFD7F-C45E-4366-ACAD-AF9777A2A490}.Debug|Any CPU.Build.0 = Debug|Any CPU
		{DF1BFD7F-C45E-4366-ACAD-AF9777A2A490}.Release|Any CPU.ActiveCfg = Release|Any CPU
		{DF1BFD7F-C45E-4366-ACAD-AF9777A2A490}.Release|Any CPU.Build.0 = Release|Any CPU
	EndGlobalSection
	GlobalSection(SolutionProperties) = preSolution
		HideSolutionNode = FALSE
	EndGlobalSection
EndGlobal
